
Microsoft Visual Studio Solution File, Format Version 12.00
# Visual Studio Version 17
VisualStudioVersion = 17.13.35913.81 d17.13
MinimumVisualStudioVersion = 10.0.40219.1
Project("{FAE04EC0-301F-11D3-BF4B-00C04F79EFBC}") = "CineTicket", "CineTicket\CineTicket.csproj", "{014ADCBE-7056-4141-8C84-BB07E84A7930}"
EndProject
Global
	GlobalSection(SolutionConfigurationPlatforms) = preSolution
		Debug|Any CPU = Debug|Any CPU
		Release|Any CPU = Release|Any CPU
	EndGlobalSection
	GlobalSection(ProjectConfigurationPlatforms) = postSolution
		{014ADCBE-7056-4141-8C84-BB07E84A7930}.Debug|Any CPU.ActiveCfg = Debug|Any CPU
		{014ADCBE-7056-4141-8C84-BB07E84A7930}.Debug|Any CPU.Build.0 = Debug|Any CPU
		{014ADCBE-7056-4141-8C84-BB07E84A7930}.Release|Any CPU.ActiveCfg = Release|Any CPU
		{014ADCBE-7056-4141-8C84-BB07E84A7930}.Release|Any CPU.Build.0 = Release|Any CPU
	EndGlobalSection
	GlobalSection(SolutionProperties) = preSolution
		HideSolutionNode = FALSE
	EndGlobalSection
	GlobalSection(ExtensibilityGlobals) = postSolution
		SolutionGuid = {E50F13A2-6CBF-4D55-9C61-E87EEBB0DFA5}
	EndGlobalSection
EndGlobal
